
Microsoft Visual Studio Solution File, Format Version 12.00
# Visual Studio Version 17
VisualStudioVersion = 17.11.35222.181
MinimumVisualStudioVersion = 10.0.40219.1
Project("{FAE04EC0-301F-11D3-BF4B-00C04F79EFBC}") = "WebProduct.Api", "WebProduct.Api\WebProduct.Api.csproj", "{ED3234F8-F0FB-4299-A27C-EDA720E6571C}"
EndProject
Project("{FAE04EC0-301F-11D3-BF4B-00C04F79EFBC}") = "WebProduct.Core", "WebProduct.Core\WebProduct.Core.csproj", "{0741F431-090F-4B16-9973-F8F865916BC8}"
EndProject
Project("{FAE04EC0-301F-11D3-BF4B-00C04F79EFBC}") = "WebProduct.Infrastructure", "WebProduct.Infrastructure\WebProduct.Infrastructure.csproj", "{C89D8AD1-08ED-457D-9AA1-69BCF75BF4A5}"
EndProject
Global
	GlobalSection(SolutionConfigurationPlatforms) = preSolution
		Debug|Any CPU = Debug|Any CPU
		Release|Any CPU = Release|Any CPU
	EndGlobalSection
	GlobalSection(ProjectConfigurationPlatforms) = postSolution
		{ED3234F8-F0FB-4299-A27C-EDA720E6571C}.Debug|Any CPU.ActiveCfg = Debug|Any CPU
		{ED3234F8-F0FB-4299-A27C-EDA720E6571C}.Debug|Any CPU.Build.0 = Debug|Any CPU
		{ED3234F8-F0FB-4299-A27C-EDA720E6571C}.Release|Any CPU.ActiveCfg = Release|Any CPU
		{ED3234F8-F0FB-4299-A27C-EDA720E6571C}.Release|Any CPU.Build.0 = Release|Any CPU
		{0741F431-090F-4B16-9973-F8F865916BC8}.Debug|Any CPU.ActiveCfg = Debug|Any CPU
		{0741F431-090F-4B16-9973-F8F865916BC8}.Debug|Any CPU.Build.0 = Debug|Any CPU
		{0741F431-090F-4B16-9973-F8F865916BC8}.Release|Any CPU.ActiveCfg = Release|Any CPU
		{0741F431-090F-4B16-9973-F8F865916BC8}.Release|Any CPU.Build.0 = Release|Any CPU
		{C89D8AD1-08ED-457D-9AA1-69BCF75BF4A5}.Debug|Any CPU.ActiveCfg = Debug|Any CPU
		{C89D8AD1-08ED-457D-9AA1-69BCF75BF4A5}.Debug|Any CPU.Build.0 = Debug|Any CPU
		{C89D8AD1-08ED-457D-9AA1-69BCF75BF4A5}.Release|Any CPU.ActiveCfg = Release|Any CPU
		{C89D8AD1-08ED-457D-9AA1-69BCF75BF4A5}.Release|Any CPU.Build.0 = Release|Any CPU
	EndGlobalSection
	GlobalSection(SolutionProperties) = preSolution
		HideSolutionNode = FALSE
	EndGlobalSection
	GlobalSection(ExtensibilityGlobals) = postSolution
		SolutionGuid = {267C1D8C-4B37-4FF1-B77A-093357988E50}
	EndGlobalSection
EndGlobal
